// !$*UTF8*$!
{
	archiveVersion = 1;
	classes = {
	};
	objectVersion = 60;
	objects = {

/* Begin PBXBuildFile section */
		D80E63D72F37F952007DB605 /* ProteinSpheresMesh in Frameworks */ = {isa = PBXBuildFile; productRef = D80E63D62F37F952007DB605 /* ProteinSpheresMesh */; };
		D8241D132F2824DD007B32BB /* AminoAcid.swift in Sources */ = {isa = PBXBuildFile; fileRef = D8241D122F2824D6007B32BB /* AminoAcid.swift */; };
		D8474FAE2F2ACBEF0076B827 /* Molecule+ResidueEntity.swift in Sources */ = {isa = PBXBuildFile; fileRef = D8474FAD2F2ACBEF0076B827 /* Molecule+ResidueEntity.swift */; };
		D84C18F12F451C1E004CC098 /* InfoView.swift in Sources */ = {isa = PBXBuildFile; fileRef = D84C18F02F451B8D004CC098 /* InfoView.swift */; };
		D84C18F32F4536FB004CC098 /* 1QQW.pdb in Resources */ = {isa = PBXBuildFile; fileRef = D84C18F22F4536FB004CC098 /* 1QQW.pdb */; };
		D84C18F52F45398C004CC098 /* 1KLN.pdb in Resources */ = {isa = PBXBuildFile; fileRef = D84C18F42F45398C004CC098 /* 1KLN.pdb */; };
		D8AA59E82BB7AEF000340803 /* RealityKitContent in Frameworks */ = {isa = PBXBuildFile; productRef = D8AA59E72BB7AEF000340803 /* RealityKitContent */; };
		D8AA59EA2BB7AEF000340803 /* VisionProTeinApp.swift in Sources */ = {isa = PBXBuildFile; fileRef = D8AA59E92BB7AEF000340803 /* VisionProTeinApp.swift */; };
		D8AA59EC2BB7AEF000340803 /* ContentView.swift in Sources */ = {isa = PBXBuildFile; fileRef = D8AA59EB2BB7AEF000340803 /* ContentView.swift */; };
		D8AA59EE2BB7AEF000340803 /* ImmersiveView.swift in Sources */ = {isa = PBXBuildFile; fileRef = D8AA59ED2BB7AEF000340803 /* ImmersiveView.swift */; };
		D8AA59F02BB7AEF100340803 /* Assets.xcassets in Resources */ = {isa = PBXBuildFile; fileRef = D8AA59EF2BB7AEF100340803 /* Assets.xcassets */; };
		D8AA59F32BB7AEF100340803 /* Preview Assets.xcassets in Resources */ = {isa = PBXBuildFile; fileRef = D8AA59F22BB7AEF100340803 /* Preview Assets.xcassets */; };
		D8AA59FC2BB7B0C500340803 /* ARModel.swift in Sources */ = {isa = PBXBuildFile; fileRef = D8AA59FB2BB7B0C500340803 /* ARModel.swift */; };
		D8AA59FF2BB7B84600340803 /* PDB.swift in Sources */ = {isa = PBXBuildFile; fileRef = D8AA59FE2BB7B84600340803 /* PDB.swift */; };
		D8AA5A012BB7C63100340803 /* protein.usdz in Resources */ = {isa = PBXBuildFile; fileRef = D8AA5A002BB7C63100340803 /* protein.usdz */; };
		D8AA5A062BB7F49000340803 /* Molecule.swift in Sources */ = {isa = PBXBuildFile; fileRef = D8AA5A052BB7F49000340803 /* Molecule.swift */; };
		D8AA5A1A2BB90D9F00340803 /* EntityExtensions.swift in Sources */ = {isa = PBXBuildFile; fileRef = D8AA5A142BB90D9F00340803 /* EntityExtensions.swift */; };
		D8AA5A1B2BB90D9F00340803 /* GestureExtensions.swift in Sources */ = {isa = PBXBuildFile; fileRef = D8AA5A152BB90D9F00340803 /* GestureExtensions.swift */; };
		D8AA5A1C2BB90D9F00340803 /* RealityViewExtensions.swift in Sources */ = {isa = PBXBuildFile; fileRef = D8AA5A162BB90D9F00340803 /* RealityViewExtensions.swift */; };
		D8AA5A1D2BB90D9F00340803 /* GestureComponent.swift in Sources */ = {isa = PBXBuildFile; fileRef = D8AA5A182BB90D9F00340803 /* GestureComponent.swift */; };
		D8AA5A252BB9EE2100340803 /* ProteinListView.swift in Sources */ = {isa = PBXBuildFile; fileRef = D8AA5A242BB9EE2100340803 /* ProteinListView.swift */; };
		D8D19CDD2F30734700B6DBC6 /* ProteinRibbon in Frameworks */ = {isa = PBXBuildFile; productRef = D8D19CDC2F30734700B6DBC6 /* ProteinRibbon */; };
		D8D8C8D12F4063AA006127AE /* PDBKit in Frameworks */ = {isa = PBXBuildFile; productRef = D8D8C8D02F4063AA006127AE /* PDBKit */; };
		D8D8C8E52F414129006127AE /* OrderedCollections in Frameworks */ = {isa = PBXBuildFile; productRef = D8D8C8E42F414129006127AE /* OrderedCollections */; };
		D8E3927E2F3AA13A003E2E82 /* 1A3N.pdb in Resources */ = {isa = PBXBuildFile; fileRef = D8E3927D2F3AA13A003E2E82 /* 1A3N.pdb */; };
		D8E392822F3BECE2003E2E82 /* InstanceAnimationComponent.swift in Sources */ = {isa = PBXBuildFile; fileRef = D8E392812F3BECE2003E2E82 /* InstanceAnimationComponent.swift */; };
		D8E392842F3BED00003E2E82 /* InstanceAnimationSystem.swift in Sources */ = {isa = PBXBuildFile; fileRef = D8E392832F3BED00003E2E82 /* InstanceAnimationSystem.swift */; };
		D8E392862F3C5660003E2E82 /* Ligand.swift in Sources */ = {isa = PBXBuildFile; fileRef = D8E392852F3C5660003E2E82 /* Ligand.swift */; };
		D8F59B0E2F33FE72009EE16D /* Molecule+BallAndStick.swift in Sources */ = {isa = PBXBuildFile; fileRef = D8F59B0D2F33FE72009EE16D /* Molecule+BallAndStick.swift */; };
/* End PBXBuildFile section */

/* Begin PBXFileReference section */
		D80E63D02F37F37B007DB605 /* Package.swift */ = {isa = PBXFileReference; lastKnownFileType = sourcecode.swift; path = Package.swift; sourceTree = "<group>"; };
		D80E63D12F37F3CB007DB605 /* ProteinSpheresMesh.swift */ = {isa = PBXFileReference; lastKnownFileType = sourcecode.swift; path = ProteinSpheresMesh.swift; sourceTree = "<group>"; };
		D80E63D22F37F3E1007DB605 /* README.md */ = {isa = PBXFileReference; lastKnownFileType = net.daringfireball.markdown; path = README.md; sourceTree = "<group>"; };
		D8241D122F2824D6007B32BB /* AminoAcid.swift */ = {isa = PBXFileReference; lastKnownFileType = sourcecode.swift; path = AminoAcid.swift; sourceTree = "<group>"; };
		D8474FAD2F2ACBEF0076B827 /* Molecule+ResidueEntity.swift */ = {isa = PBXFileReference; lastKnownFileType = sourcecode.swift; path = "Molecule+ResidueEntity.swift"; sourceTree = "<group>"; };
		D84C18F02F451B8D004CC098 /* InfoView.swift */ = {isa = PBXFileReference; lastKnownFileType = sourcecode.swift; path = InfoView.swift; sourceTree = "<group>"; };
		D84C18F22F4536FB004CC098 /* 1QQW.pdb */ = {isa = PBXFileReference; lastKnownFileType = text; path = 1QQW.pdb; sourceTree = "<group>"; };
		D84C18F42F45398C004CC098 /* 1KLN.pdb */ = {isa = PBXFileReference; lastKnownFileType = text; path = 1KLN.pdb; sourceTree = "<group>"; };
		D8AA59E22BB7AEF000340803 /* VisionProTein.app */ = {isa = PBXFileReference; explicitFileType = wrapper.application; includeInIndex = 0; path = VisionProTein.app; sourceTree = BUILT_PRODUCTS_DIR; };
		D8AA59E62BB7AEF000340803 /* RealityKitContent */ = {isa = PBXFileReference; lastKnownFileType = wrapper; path = RealityKitContent; sourceTree = "<group>"; };
		D8AA59E92BB7AEF000340803 /* VisionProTeinApp.swift */ = {isa = PBXFileReference; lastKnownFileType = sourcecode.swift; path = VisionProTeinApp.swift; sourceTree = "<group>"; };
		D8AA59EB2BB7AEF000340803 /* ContentView.swift */ = {isa = PBXFileReference; lastKnownFileType = sourcecode.swift; path = ContentView.swift; sourceTree = "<group>"; };
		D8AA59ED2BB7AEF000340803 /* ImmersiveView.swift */ = {isa = PBXFileReference; lastKnownFileType = sourcecode.swift; path = ImmersiveView.swift; sourceTree = "<group>"; };
		D8AA59EF2BB7AEF100340803 /* Assets.xcassets */ = {isa = PBXFileReference; lastKnownFileType = folder.assetcatalog; path = Assets.xcassets; sourceTree = "<group>"; };
		D8AA59F22BB7AEF100340803 /* Preview Assets.xcassets */ = {isa = PBXFileReference; lastKnownFileType = folder.assetcatalog; path = "Preview Assets.xcassets"; sourceTree = "<group>"; };
		D8AA59F42BB7AEF100340803 /* Info.plist */ = {isa = PBXFileReference; lastKnownFileType = text.plist.xml; path = Info.plist; sourceTree = "<group>"; };
		D8AA59FB2BB7B0C500340803 /* ARModel.swift */ = {isa = PBXFileReference; lastKnownFileType = sourcecode.swift; path = ARModel.swift; sourceTree = "<group>"; };
		D8AA59FE2BB7B84600340803 /* PDB.swift */ = {isa = PBXFileReference; lastKnownFileType = sourcecode.swift; path = PDB.swift; sourceTree = "<group>"; };
		D8AA5A002BB7C63100340803 /* protein.usdz */ = {isa = PBXFileReference; lastKnownFileType = file.usdz; path = protein.usdz; sourceTree = "<group>"; };
		D8AA5A052BB7F49000340803 /* Molecule.swift */ = {isa = PBXFileReference; lastKnownFileType = sourcecode.swift; path = Molecule.swift; sourceTree = "<group>"; };
		D8AA5A142BB90D9F00340803 /* EntityExtensions.swift */ = {isa = PBXFileReference; fileEncoding = 4; lastKnownFileType = sourcecode.swift; path = EntityExtensions.swift; sourceTree = "<group>"; };
		D8AA5A152BB90D9F00340803 /* GestureExtensions.swift */ = {isa = PBXFileReference; fileEncoding = 4; lastKnownFileType = sourcecode.swift; path = GestureExtensions.swift; sourceTree = "<group>"; };
		D8AA5A162BB90D9F00340803 /* RealityViewExtensions.swift */ = {isa = PBXFileReference; fileEncoding = 4; lastKnownFileType = sourcecode.swift; path = RealityViewExtensions.swift; sourceTree = "<group>"; };
		D8AA5A182BB90D9F00340803 /* GestureComponent.swift */ = {isa = PBXFileReference; fileEncoding = 4; lastKnownFileType = sourcecode.swift; path = GestureComponent.swift; sourceTree = "<group>"; };
		D8AA5A242BB9EE2100340803 /* ProteinListView.swift */ = {isa = PBXFileReference; fileEncoding = 4; lastKnownFileType = sourcecode.swift; path = ProteinListView.swift; sourceTree = "<group>"; };
		D8D8C8D22F4072CF006127AE /* xcschememanagement.plist */ = {isa = PBXFileReference; lastKnownFileType = text.plist.xml; path = xcschememanagement.plist; sourceTree = "<group>"; };
		D8D8C8D82F4072CF006127AE /* PDBParser.swift */ = {isa = PBXFileReference; lastKnownFileType = sourcecode.swift; path = PDBParser.swift; sourceTree = "<group>"; };
		D8D8C8DB2F4072CF006127AE /* .gitkeep */ = {isa = PBXFileReference; lastKnownFileType = text; path = .gitkeep; sourceTree = "<group>"; };
		D8D8C8DE2F4072CF006127AE /* Package.swift */ = {isa = PBXFileReference; lastKnownFileType = sourcecode.swift; path = Package.swift; sourceTree = "<group>"; };
		D8D8C8E12F4073A8006127AE /* ProteinRibbon */ = {isa = PBXFileReference; lastKnownFileType = wrapper; path = ProteinRibbon; sourceTree = "<group>"; };
		D8E3927D2F3AA13A003E2E82 /* 1A3N.pdb */ = {isa = PBXFileReference; lastKnownFileType = text; path = 1A3N.pdb; sourceTree = "<group>"; };
		D8E392812F3BECE2003E2E82 /* InstanceAnimationComponent.swift */ = {isa = PBXFileReference; lastKnownFileType = sourcecode.swift; path = InstanceAnimationComponent.swift; sourceTree = "<group>"; };
		D8E392832F3BED00003E2E82 /* InstanceAnimationSystem.swift */ = {isa = PBXFileReference; lastKnownFileType = sourcecode.swift; path = InstanceAnimationSystem.swift; sourceTree = "<group>"; };
		D8E392852F3C5660003E2E82 /* Ligand.swift */ = {isa = PBXFileReference; lastKnownFileType = sourcecode.swift; path = Ligand.swift; sourceTree = "<group>"; };
		D8F59B0D2F33FE72009EE16D /* Molecule+BallAndStick.swift */ = {isa = PBXFileReference; lastKnownFileType = sourcecode.swift; path = "Molecule+BallAndStick.swift"; sourceTree = "<group>"; };
/* End PBXFileReference section */

/* Begin PBXFrameworksBuildPhase section */
		D8AA59DF2BB7AEF000340803 /* Frameworks */ = {
			isa = PBXFrameworksBuildPhase;
			buildActionMask = 2147483647;
			files = (
				D8D8C8E52F414129006127AE /* OrderedCollections in Frameworks */,
				D80E63D72F37F952007DB605 /* ProteinSpheresMesh in Frameworks */,
				D8D19CDD2F30734700B6DBC6 /* ProteinRibbon in Frameworks */,
				D8D8C8D12F4063AA006127AE /* PDBKit in Frameworks */,
				D8AA59E82BB7AEF000340803 /* RealityKitContent in Frameworks */,
			);
			runOnlyForDeploymentPostprocessing = 0;
		};
/* End PBXFrameworksBuildPhase section */

/* Begin PBXGroup section */
		D80E63CD2F37F372007DB605 /* ProteinSpheresMesh */ = {
			isa = PBXGroup;
			children = (
				D80E63CE2F37F374007DB605 /* Sources */,
				D80E63D02F37F37B007DB605 /* Package.swift */,
				D80E63D22F37F3E1007DB605 /* README.md */,
			);
			path = ProteinSpheresMesh;
			sourceTree = "<group>";
		};
		D80E63CE2F37F374007DB605 /* Sources */ = {
			isa = PBXGroup;
			children = (
				D80E63CF2F37F376007DB605 /* ProteinSpheresMesh */,
			);
			path = Sources;
			sourceTree = "<group>";
		};
		D80E63CF2F37F376007DB605 /* ProteinSpheresMesh */ = {
			isa = PBXGroup;
			children = (
				D80E63D12F37F3CB007DB605 /* ProteinSpheresMesh.swift */,
			);
			path = ProteinSpheresMesh;
			sourceTree = "<group>";
		};
		D8AA59D92BB7AEF000340803 = {
			isa = PBXGroup;
			children = (
				D8AA59E42BB7AEF000340803 /* VisionProTein */,
				D8AA59E52BB7AEF000340803 /* Packages */,
				D8D8C8E32F414129006127AE /* Frameworks */,
				D8AA59E32BB7AEF000340803 /* Products */,
			);
			sourceTree = "<group>";
		};
		D8AA59E32BB7AEF000340803 /* Products */ = {
			isa = PBXGroup;
			children = (
				D8AA59E22BB7AEF000340803 /* VisionProTein.app */,
			);
			name = Products;
			sourceTree = "<group>";
		};
		D8AA59E42BB7AEF000340803 /* VisionProTein */ = {
			isa = PBXGroup;
			children = (
				D8AA59E92BB7AEF000340803 /* VisionProTeinApp.swift */,
				D8AA59EB2BB7AEF000340803 /* ContentView.swift */,
				D84C18F02F451B8D004CC098 /* InfoView.swift */,
				D8AA5A242BB9EE2100340803 /* ProteinListView.swift */,
				D8AA59ED2BB7AEF000340803 /* ImmersiveView.swift */,
				D8AA59FA2BB7AFB300340803 /* Models */,
				D8AA59FD2BB7B6A900340803 /* PDB */,
				D8AA5A092BB90CB700340803 /* Gestures */,
				D8AA59EF2BB7AEF100340803 /* Assets.xcassets */,
				D8AA59F42BB7AEF100340803 /* Info.plist */,
				D8AA59F12BB7AEF100340803 /* Preview Content */,
			);
			path = VisionProTein;
			sourceTree = "<group>";
		};
		D8AA59E52BB7AEF000340803 /* Packages */ = {
			isa = PBXGroup;
			children = (
				D8AA59E62BB7AEF000340803 /* RealityKitContent */,
				D8D8C8DF2F4072CF006127AE /* PDBKit */,
				D8D8C8E12F4073A8006127AE /* ProteinRibbon */,
				D80E63CD2F37F372007DB605 /* ProteinSpheresMesh */,
			);
			path = Packages;
			sourceTree = "<group>";
		};
		D8AA59F12BB7AEF100340803 /* Preview Content */ = {
			isa = PBXGroup;
			children = (
				D8AA59F22BB7AEF100340803 /* Preview Assets.xcassets */,
			);
			path = "Preview Content";
			sourceTree = "<group>";
		};
		D8AA59FA2BB7AFB300340803 /* Models */ = {
			isa = PBXGroup;
			children = (
				D8474FAD2F2ACBEF0076B827 /* Molecule+ResidueEntity.swift */,
				D8AA59FB2BB7B0C500340803 /* ARModel.swift */,
				D8AA5A052BB7F49000340803 /* Molecule.swift */,
				D8241D122F2824D6007B32BB /* AminoAcid.swift */,
				D8F59B0D2F33FE72009EE16D /* Molecule+BallAndStick.swift */,
				D8E392812F3BECE2003E2E82 /* InstanceAnimationComponent.swift */,
				D8E392832F3BED00003E2E82 /* InstanceAnimationSystem.swift */,
				D8E392852F3C5660003E2E82 /* Ligand.swift */,
			);
			path = Models;
			sourceTree = "<group>";
		};
		D8AA59FD2BB7B6A900340803 /* PDB */ = {
			isa = PBXGroup;
			children = (
				D8AA59FE2BB7B84600340803 /* PDB.swift */,
				D8AA5A002BB7C63100340803 /* protein.usdz */,
				D8E3927D2F3AA13A003E2E82 /* 1A3N.pdb */,
				D84C18F22F4536FB004CC098 /* 1QQW.pdb */,
				D84C18F42F45398C004CC098 /* 1KLN.pdb */,
			);
			path = PDB;
			sourceTree = "<group>";
		};
		D8AA5A092BB90CB700340803 /* Gestures */ = {
			isa = PBXGroup;
			children = (
				D8AA5A192BB90D9F00340803 /* Components */,
				D8AA5A172BB90D9F00340803 /* Extensions */,
			);
			path = Gestures;
			sourceTree = "<group>";
		};
		D8AA5A172BB90D9F00340803 /* Extensions */ = {
			isa = PBXGroup;
			children = (
				D8AA5A142BB90D9F00340803 /* EntityExtensions.swift */,
				D8AA5A152BB90D9F00340803 /* GestureExtensions.swift */,
				D8AA5A162BB90D9F00340803 /* RealityViewExtensions.swift */,
			);
			path = Extensions;
			sourceTree = "<group>";
		};
		D8AA5A192BB90D9F00340803 /* Components */ = {
			isa = PBXGroup;
			children = (
				D8AA5A182BB90D9F00340803 /* GestureComponent.swift */,
			);
			path = Components;
			sourceTree = "<group>";
		};
		D8D8C8D32F4072CF006127AE /* xcschemes */ = {
			isa = PBXGroup;
			children = (
				D8D8C8D22F4072CF006127AE /* xcschememanagement.plist */,
			);
			path = xcschemes;
			sourceTree = "<group>";
		};
		D8D8C8D42F4072CF006127AE /* arenberg.xcuserdatad */ = {
			isa = PBXGroup;
			children = (
				D8D8C8D32F4072CF006127AE /* xcschemes */,
			);
			path = arenberg.xcuserdatad;
			sourceTree = "<group>";
		};
		D8D8C8D52F4072CF006127AE /* xcuserdata */ = {
			isa = PBXGroup;
			children = (
				D8D8C8D42F4072CF006127AE /* arenberg.xcuserdatad */,
			);
			path = xcuserdata;
			sourceTree = "<group>";
		};
		D8D8C8D62F4072CF006127AE /* xcode */ = {
			isa = PBXGroup;
			children = (
				D8D8C8D52F4072CF006127AE /* xcuserdata */,
			);
			path = xcode;
			sourceTree = "<group>";
		};
		D8D8C8D72F4072CF006127AE /* .swiftpm */ = {
			isa = PBXGroup;
			children = (
				D8D8C8D62F4072CF006127AE /* xcode */,
			);
			path = .swiftpm;
			sourceTree = "<group>";
		};
		D8D8C8D92F4072CF006127AE /* PDBKit */ = {
			isa = PBXGroup;
			children = (
				D8D8C8D82F4072CF006127AE /* PDBParser.swift */,
			);
			path = PDBKit;
			sourceTree = "<group>";
		};
		D8D8C8DA2F4072CF006127AE /* Sources */ = {
			isa = PBXGroup;
			children = (
				D8D8C8D92F4072CF006127AE /* PDBKit */,
			);
			path = Sources;
			sourceTree = "<group>";
		};
		D8D8C8DC2F4072CF006127AE /* PDBKitTests */ = {
			isa = PBXGroup;
			children = (
				D8D8C8DB2F4072CF006127AE /* .gitkeep */,
			);
			path = PDBKitTests;
			sourceTree = "<group>";
		};
		D8D8C8DD2F4072CF006127AE /* Tests */ = {
			isa = PBXGroup;
			children = (
				D8D8C8DC2F4072CF006127AE /* PDBKitTests */,
			);
			path = Tests;
			sourceTree = "<group>";
		};
		D8D8C8DF2F4072CF006127AE /* PDBKit */ = {
			isa = PBXGroup;
			children = (
				D8D8C8D72F4072CF006127AE /* .swiftpm */,
				D8D8C8DA2F4072CF006127AE /* Sources */,
				D8D8C8DD2F4072CF006127AE /* Tests */,
				D8D8C8DE2F4072CF006127AE /* Package.swift */,
			);
			path = PDBKit;
			sourceTree = "<group>";
		};
		D8D8C8E32F414129006127AE /* Frameworks */ = {
			isa = PBXGroup;
			children = (
			);
			name = Frameworks;
			sourceTree = "<group>";
		};
/* End PBXGroup section */

/* Begin PBXNativeTarget section */
		D8AA59E12BB7AEF000340803 /* VisionProTein */ = {
			isa = PBXNativeTarget;
			buildConfigurationList = D8AA59F72BB7AEF100340803 /* Build configuration list for PBXNativeTarget "VisionProTein" */;
			buildPhases = (
				D8AA59DE2BB7AEF000340803 /* Sources */,
				D8AA59DF2BB7AEF000340803 /* Frameworks */,
				D8AA59E02BB7AEF000340803 /* Resources */,
			);
			buildRules = (
			);
			dependencies = (
			);
			name = VisionProTein;
			packageProductDependencies = (
				D8AA59E72BB7AEF000340803 /* RealityKitContent */,
				D8D19CDC2F30734700B6DBC6 /* ProteinRibbon */,
				D80E63D62F37F952007DB605 /* ProteinSpheresMesh */,
				D8D8C8D02F4063AA006127AE /* PDBKit */,
				D8D8C8E42F414129006127AE /* OrderedCollections */,
			);
			productName = VisionProTein;
			productReference = D8AA59E22BB7AEF000340803 /* VisionProTein.app */;
			productType = "com.apple.product-type.application";
		};
/* End PBXNativeTarget section */

/* Begin PBXProject section */
		D8AA59DA2BB7AEF000340803 /* Project object */ = {
			isa = PBXProject;
			attributes = {
				BuildIndependentTargetsInParallel = 1;
				LastSwiftUpdateCheck = 1530;
				LastUpgradeCheck = 1530;
				TargetAttributes = {
					D8AA59E12BB7AEF000340803 = {
						CreatedOnToolsVersion = 15.3;
					};
				};
			};
			buildConfigurationList = D8AA59DD2BB7AEF000340803 /* Build configuration list for PBXProject "VisionProTein" */;
			compatibilityVersion = "Xcode 14.0";
			developmentRegion = en;
			hasScannedForEncodings = 0;
			knownRegions = (
				en,
				Base,
			);
			mainGroup = D8AA59D92BB7AEF000340803;
			packageReferences = (
				D8D19CDB2F30734700B6DBC6 /* XCLocalSwiftPackageReference "Packages/ProteinRibbon" */,
				D80E63D52F37F952007DB605 /* XCLocalSwiftPackageReference "Packages/ProteinSpheresMesh" */,
				D8D8C8CF2F4063AA006127AE /* XCLocalSwiftPackageReference "Packages/PDBKit" */,
				D8D8C8E22F413F2E006127AE /* XCRemoteSwiftPackageReference "swift-collections" */,
			);
			productRefGroup = D8AA59E32BB7AEF000340803 /* Products */;
			projectDirPath = "";
			projectRoot = "";
			targets = (
				D8AA59E12BB7AEF000340803 /* VisionProTein */,
			);
		};
/* End PBXProject section */

/* Begin PBXResourcesBuildPhase section */
		D8AA59E02BB7AEF000340803 /* Resources */ = {
			isa = PBXResourcesBuildPhase;
			buildActionMask = 2147483647;
			files = (
				D8AA59F32BB7AEF100340803 /* Preview Assets.xcassets in Resources */,
				D8AA59F02BB7AEF100340803 /* Assets.xcassets in Resources */,
				D84C18F32F4536FB004CC098 /* 1QQW.pdb in Resources */,
				D8E3927E2F3AA13A003E2E82 /* 1A3N.pdb in Resources */,
				D84C18F52F45398C004CC098 /* 1KLN.pdb in Resources */,
				D8AA5A012BB7C63100340803 /* protein.usdz in Resources */,
			);
			runOnlyForDeploymentPostprocessing = 0;
		};
/* End PBXResourcesBuildPhase section */

/* Begin PBXSourcesBuildPhase section */
		D8AA59DE2BB7AEF000340803 /* Sources */ = {
			isa = PBXSourcesBuildPhase;
			buildActionMask = 2147483647;
			files = (
				D8AA59FC2BB7B0C500340803 /* ARModel.swift in Sources */,
				D8AA5A1B2BB90D9F00340803 /* GestureExtensions.swift in Sources */,
				D8E392842F3BED00003E2E82 /* InstanceAnimationSystem.swift in Sources */,
				D8AA5A062BB7F49000340803 /* Molecule.swift in Sources */,
				D8AA59FF2BB7B84600340803 /* PDB.swift in Sources */,
				D8AA5A252BB9EE2100340803 /* ProteinListView.swift in Sources */,
				D8474FAE2F2ACBEF0076B827 /* Molecule+ResidueEntity.swift in Sources */,
				D8AA59EC2BB7AEF000340803 /* ContentView.swift in Sources */,
				D8E392822F3BECE2003E2E82 /* InstanceAnimationComponent.swift in Sources */,
				D8AA59EA2BB7AEF000340803 /* VisionProTeinApp.swift in Sources */,
				D8E392862F3C5660003E2E82 /* Ligand.swift in Sources */,
				D8241D132F2824DD007B32BB /* AminoAcid.swift in Sources */,
				D8AA59EE2BB7AEF000340803 /* ImmersiveView.swift in Sources */,
				D8AA5A1C2BB90D9F00340803 /* RealityViewExtensions.swift in Sources */,
				D8AA5A1A2BB90D9F00340803 /* EntityExtensions.swift in Sources */,
				D8F59B0E2F33FE72009EE16D /* Molecule+BallAndStick.swift in Sources */,
				D84C18F12F451C1E004CC098 /* InfoView.swift in Sources */,
				D8AA5A1D2BB90D9F00340803 /* GestureComponent.swift in Sources */,
			);
			runOnlyForDeploymentPostprocessing = 0;
		};
/* End PBXSourcesBuildPhase section */

/* Begin XCBuildConfiguration section */
		D8AA59F52BB7AEF100340803 /* Debug */ = {
			isa = XCBuildConfiguration;
			buildSettings = {
				ALWAYS_SEARCH_USER_PATHS = NO;
				ASSETCATALOG_COMPILER_GENERATE_SWIFT_ASSET_SYMBOL_EXTENSIONS = YES;
				CLANG_ANALYZER_NONNULL = YES;
				CLANG_ANALYZER_NUMBER_OBJECT_CONVERSION = YES_AGGRESSIVE;
				CLANG_CXX_LANGUAGE_STANDARD = "gnu++20";
				CLANG_ENABLE_MODULES = YES;
				CLANG_ENABLE_OBJC_ARC = YES;
				CLANG_ENABLE_OBJC_WEAK = YES;
				CLANG_WARN_BLOCK_CAPTURE_AUTORELEASING = YES;
				CLANG_WARN_BOOL_CONVERSION = YES;
				CLANG_WARN_COMMA = YES;
				CLANG_WARN_CONSTANT_CONVERSION = YES;
				CLANG_WARN_DEPRECATED_OBJC_IMPLEMENTATIONS = YES;
				CLANG_WARN_DIRECT_OBJC_ISA_USAGE = YES_ERROR;
				CLANG_WARN_DOCUMENTATION_COMMENTS = YES;
				CLANG_WARN_EMPTY_BODY = YES;
				CLANG_WARN_ENUM_CONVERSION = YES;
				CLANG_WARN_INFINITE_RECURSION = YES;
				CLANG_WARN_INT_CONVERSION = YES;
				CLANG_WARN_NON_LITERAL_NULL_CONVERSION = YES;
				CLANG_WARN_OBJC_IMPLICIT_RETAIN_SELF = YES;
				CLANG_WARN_OBJC_LITERAL_CONVERSION = YES;
				CLANG_WARN_OBJC_ROOT_CLASS = YES_ERROR;
				CLANG_WARN_QUOTED_INCLUDE_IN_FRAMEWORK_HEADER = YES;
				CLANG_WARN_RANGE_LOOP_ANALYSIS = YES;
				CLANG_WARN_STRICT_PROTOTYPES = YES;
				CLANG_WARN_SUSPICIOUS_MOVE = YES;
				CLANG_WARN_UNGUARDED_AVAILABILITY = YES_AGGRESSIVE;
				CLANG_WARN_UNREACHABLE_CODE = YES;
				CLANG_WARN__DUPLICATE_METHOD_MATCH = YES;
				COPY_PHASE_STRIP = NO;
				DEBUG_INFORMATION_FORMAT = dwarf;
				ENABLE_STRICT_OBJC_MSGSEND = YES;
				ENABLE_TESTABILITY = YES;
				ENABLE_USER_SCRIPT_SANDBOXING = YES;
				GCC_C_LANGUAGE_STANDARD = gnu17;
				GCC_DYNAMIC_NO_PIC = NO;
				GCC_NO_COMMON_BLOCKS = YES;
				GCC_OPTIMIZATION_LEVEL = 0;
				GCC_PREPROCESSOR_DEFINITIONS = (
					"DEBUG=1",
					"$(inherited)",
				);
				GCC_WARN_64_TO_32_BIT_CONVERSION = YES;
				GCC_WARN_ABOUT_RETURN_TYPE = YES_ERROR;
				GCC_WARN_UNDECLARED_SELECTOR = YES;
				GCC_WARN_UNINITIALIZED_AUTOS = YES_AGGRESSIVE;
				GCC_WARN_UNUSED_FUNCTION = YES;
				GCC_WARN_UNUSED_VARIABLE = YES;
				LOCALIZATION_PREFERS_STRING_CATALOGS = YES;
				MTL_ENABLE_DEBUG_INFO = INCLUDE_SOURCE;
				MTL_FAST_MATH = YES;
				ONLY_ACTIVE_ARCH = YES;
				SDKROOT = xros;
				SWIFT_ACTIVE_COMPILATION_CONDITIONS = "DEBUG $(inherited)";
				SWIFT_OPTIMIZATION_LEVEL = "-Onone";
				XROS_DEPLOYMENT_TARGET = 26.0;
			};
			name = Debug;
		};
		D8AA59F62BB7AEF100340803 /* Release */ = {
			isa = XCBuildConfiguration;
			buildSettings = {
				ALWAYS_SEARCH_USER_PATHS = NO;
				ASSETCATALOG_COMPILER_GENERATE_SWIFT_ASSET_SYMBOL_EXTENSIONS = YES;
				CLANG_ANALYZER_NONNULL = YES;
				CLANG_ANALYZER_NUMBER_OBJECT_CONVERSION = YES_AGGRESSIVE;
				CLANG_CXX_LANGUAGE_STANDARD = "gnu++20";
				CLANG_ENABLE_MODULES = YES;
				CLANG_ENABLE_OBJC_ARC = YES;
				CLANG_ENABLE_OBJC_WEAK = YES;
				CLANG_WARN_BLOCK_CAPTURE_AUTORELEASING = YES;
				CLANG_WARN_BOOL_CONVERSION = YES;
				CLANG_WARN_COMMA = YES;
				CLANG_WARN_CONSTANT_CONVERSION = YES;
				CLANG_WARN_DEPRECATED_OBJC_IMPLEMENTATIONS = YES;
				CLANG_WARN_DIRECT_OBJC_ISA_USAGE = YES_ERROR;
				CLANG_WARN_DOCUMENTATION_COMMENTS = YES;
				CLANG_WARN_EMPTY_BODY = YES;
				CLANG_WARN_ENUM_CONVERSION = YES;
				CLANG_WARN_INFINITE_RECURSION = YES;
				CLANG_WARN_INT_CONVERSION = YES;
				CLANG_WARN_NON_LITERAL_NULL_CONVERSION = YES;
				CLANG_WARN_OBJC_IMPLICIT_RETAIN_SELF = YES;
				CLANG_WARN_OBJC_LITERAL_CONVERSION = YES;
				CLANG_WARN_OBJC_ROOT_CLASS = YES_ERROR;
				CLANG_WARN_QUOTED_INCLUDE_IN_FRAMEWORK_HEADER = YES;
				CLANG_WARN_RANGE_LOOP_ANALYSIS = YES;
				CLANG_WARN_STRICT_PROTOTYPES = YES;
				CLANG_WARN_SUSPICIOUS_MOVE = YES;
				CLANG_WARN_UNGUARDED_AVAILABILITY = YES_AGGRESSIVE;
				CLANG_WARN_UNREACHABLE_CODE = YES;
				CLANG_WARN__DUPLICATE_METHOD_MATCH = YES;
				COPY_PHASE_STRIP = NO;
				DEBUG_INFORMATION_FORMAT = "dwarf-with-dsym";
				ENABLE_NS_ASSERTIONS = NO;
				ENABLE_STRICT_OBJC_MSGSEND = YES;
				ENABLE_USER_SCRIPT_SANDBOXING = YES;
				GCC_C_LANGUAGE_STANDARD = gnu17;
				GCC_NO_COMMON_BLOCKS = YES;
				GCC_WARN_64_TO_32_BIT_CONVERSION = YES;
				GCC_WARN_ABOUT_RETURN_TYPE = YES_ERROR;
				GCC_WARN_UNDECLARED_SELECTOR = YES;
				GCC_WARN_UNINITIALIZED_AUTOS = YES_AGGRESSIVE;
				GCC_WARN_UNUSED_FUNCTION = YES;
				GCC_WARN_UNUSED_VARIABLE = YES;
				LOCALIZATION_PREFERS_STRING_CATALOGS = YES;
				MTL_ENABLE_DEBUG_INFO = NO;
				MTL_FAST_MATH = YES;
				SDKROOT = xros;
				SWIFT_COMPILATION_MODE = wholemodule;
				VALIDATE_PRODUCT = YES;
				XROS_DEPLOYMENT_TARGET = 26.0;
			};
			name = Release;
		};
		D8AA59F82BB7AEF100340803 /* Debug */ = {
			isa = XCBuildConfiguration;
			buildSettings = {
				ASSETCATALOG_COMPILER_APPICON_NAME = AppIcon;
				ASSETCATALOG_COMPILER_GLOBAL_ACCENT_COLOR_NAME = AccentColor;
				CODE_SIGN_STYLE = Automatic;
				CURRENT_PROJECT_VERSION = 1;
				DEVELOPMENT_ASSET_PATHS = "\"VisionProTein/Preview Content\"";
				DEVELOPMENT_TEAM = 2BY2NMR4CA;
				ENABLE_PREVIEWS = YES;
				GENERATE_INFOPLIST_FILE = YES;
				INFOPLIST_FILE = "$(TARGET_NAME)/Info.plist";
				INFOPLIST_KEY_ITSAppUsesNonExemptEncryption = NO;
				INFOPLIST_KEY_NSHandsTrackingUsageDescription = "Track Hands";
				INFOPLIST_KEY_NSLocalNetworkUsageDescription = "Connect with local Vision ProTein users";
				INFOPLIST_KEY_NSWorldSensingUsageDescription = "Sense the world";
				LD_RUNPATH_SEARCH_PATHS = (
					"$(inherited)",
					"@executable_path/Frameworks",
				);
				MARKETING_VERSION = 1.0;
				PRODUCT_BUNDLE_IDENTIFIER = com.epage.VisionProTein;
				PRODUCT_NAME = "$(TARGET_NAME)";
				SUPPORTED_PLATFORMS = "xros xrsimulator";
				SWIFT_EMIT_LOC_STRINGS = YES;
				SWIFT_VERSION = 5.0;
				TARGETED_DEVICE_FAMILY = "1,2,7";
				XROS_DEPLOYMENT_TARGET = 26.0;
			};
			name = Debug;
		};
		D8AA59F92BB7AEF100340803 /* Release */ = {
			isa = XCBuildConfiguration;
			buildSettings = {
				ASSETCATALOG_COMPILER_APPICON_NAME = AppIcon;
				ASSETCATALOG_COMPILER_GLOBAL_ACCENT_COLOR_NAME = AccentColor;
				CODE_SIGN_STYLE = Automatic;
				CURRENT_PROJECT_VERSION = 1;
				DEVELOPMENT_ASSET_PATHS = "\"VisionProTein/Preview Content\"";
				DEVELOPMENT_TEAM = 2BY2NMR4CA;
				ENABLE_PREVIEWS = YES;
				GENERATE_INFOPLIST_FILE = YES;
				INFOPLIST_FILE = "$(TARGET_NAME)/Info.plist";
				INFOPLIST_KEY_ITSAppUsesNonExemptEncryption = NO;
				INFOPLIST_KEY_NSHandsTrackingUsageDescription = "Track Hands";
				INFOPLIST_KEY_NSLocalNetworkUsageDescription = "Connect with local Vision ProTein users";
				INFOPLIST_KEY_NSWorldSensingUsageDescription = "Sense the world";
				LD_RUNPATH_SEARCH_PATHS = (
					"$(inherited)",
					"@executable_path/Frameworks",
				);
				MARKETING_VERSION = 1.0;
				PRODUCT_BUNDLE_IDENTIFIER = com.epage.VisionProTein;
				PRODUCT_NAME = "$(TARGET_NAME)";
				SUPPORTED_PLATFORMS = "xros xrsimulator";
				SWIFT_EMIT_LOC_STRINGS = YES;
				SWIFT_VERSION = 5.0;
				TARGETED_DEVICE_FAMILY = "1,2,7";
				XROS_DEPLOYMENT_TARGET = 26.0;
			};
			name = Release;
		};
/* End XCBuildConfiguration section */

/* Begin XCConfigurationList section */
		D8AA59DD2BB7AEF000340803 /* Build configuration list for PBXProject "VisionProTein" */ = {
			isa = XCConfigurationList;
			buildConfigurations = (
				D8AA59F52BB7AEF100340803 /* Debug */,
				D8AA59F62BB7AEF100340803 /* Release */,
			);
			defaultConfigurationIsVisible = 0;
			defaultConfigurationName = Release;
		};
		D8AA59F72BB7AEF100340803 /* Build configuration list for PBXNativeTarget "VisionProTein" */ = {
			isa = XCConfigurationList;
			buildConfigurations = (
				D8AA59F82BB7AEF100340803 /* Debug */,
				D8AA59F92BB7AEF100340803 /* Release */,
			);
			defaultConfigurationIsVisible = 0;
			defaultConfigurationName = Release;
		};
/* End XCConfigurationList section */

/* Begin XCLocalSwiftPackageReference section */
		D80E63D52F37F952007DB605 /* XCLocalSwiftPackageReference "Packages/ProteinSpheresMesh" */ = {
			isa = XCLocalSwiftPackageReference;
			relativePath = Packages/ProteinSpheresMesh;
		};
		D8D19CDB2F30734700B6DBC6 /* XCLocalSwiftPackageReference "Packages/ProteinRibbon" */ = {
			isa = XCLocalSwiftPackageReference;
			relativePath = Packages/ProteinRibbon;
		};
		D8D8C8CF2F4063AA006127AE /* XCLocalSwiftPackageReference "Packages/PDBKit" */ = {
			isa = XCLocalSwiftPackageReference;
			relativePath = Packages/PDBKit;
		};
/* End XCLocalSwiftPackageReference section */

/* Begin XCRemoteSwiftPackageReference section */
		D8D8C8E22F413F2E006127AE /* XCRemoteSwiftPackageReference "swift-collections" */ = {
			isa = XCRemoteSwiftPackageReference;
			repositoryURL = "https://github.com/apple/swift-collections.git";
			requirement = {
				kind = upToNextMajorVersion;
				minimumVersion = 1.3.0;
			};
		};
/* End XCRemoteSwiftPackageReference section */

/* Begin XCSwiftPackageProductDependency section */
		D80E63D62F37F952007DB605 /* ProteinSpheresMesh */ = {
			isa = XCSwiftPackageProductDependency;
			productName = ProteinSpheresMesh;
		};
		D8AA59E72BB7AEF000340803 /* RealityKitContent */ = {
			isa = XCSwiftPackageProductDependency;
			productName = RealityKitContent;
		};
		D8D19CDC2F30734700B6DBC6 /* ProteinRibbon */ = {
			isa = XCSwiftPackageProductDependency;
			productName = ProteinRibbon;
		};
		D8D8C8D02F4063AA006127AE /* PDBKit */ = {
			isa = XCSwiftPackageProductDependency;
			productName = PDBKit;
		};
		D8D8C8E42F414129006127AE /* OrderedCollections */ = {
			isa = XCSwiftPackageProductDependency;
			package = D8D8C8E22F413F2E006127AE /* XCRemoteSwiftPackageReference "swift-collections" */;
			productName = OrderedCollections;
		};
/* End XCSwiftPackageProductDependency section */
	};
	rootObject = D8AA59DA2BB7AEF000340803 /* Project object */;
}
