// !$*UTF8*$!
{
	archiveVersion = 1;
	classes = {
	};
	objectVersion = 60;
	objects = {

/* Begin PBXBuildFile section */
		D80E63CC2F3695F2007DB605 /* ProteinSpheres in Frameworks */ = {isa = PBXBuildFile; productRef = D80E63CB2F3695F2007DB605 /* ProteinSpheres */; };
		D80E63D72F37F952007DB605 /* ProteinSpheresMesh in Frameworks */ = {isa = PBXBuildFile; productRef = D80E63D62F37F952007DB605 /* ProteinSpheresMesh */; };
		D8241D132F2824DD007B32BB /* AminoAcid.swift in Sources */ = {isa = PBXBuildFile; fileRef = D8241D122F2824D6007B32BB /* AminoAcid.swift */; };
		D8474FAE2F2ACBEF0076B827 /* Molecule+ResidueEntity.swift in Sources */ = {isa = PBXBuildFile; fileRef = D8474FAD2F2ACBEF0076B827 /* Molecule+ResidueEntity.swift */; };
		D8474FB02F2AEBEB0076B827 /* Molecule+Richardson.swift in Sources */ = {isa = PBXBuildFile; fileRef = D8474FAF2F2AEBEB0076B827 /* Molecule+Richardson.swift */; };
		D8474FB22F2C26530076B827 /* 4HR9.pdb in Resources */ = {isa = PBXBuildFile; fileRef = D8474FB12F2C26530076B827 /* 4HR9.pdb */; };
		D8474FBC2F2E906C0076B827 /* MolecularRender in Frameworks */ = {isa = PBXBuildFile; productRef = D8474FBB2F2E906C0076B827 /* MolecularRender */; };
		D8AA59E82BB7AEF000340803 /* RealityKitContent in Frameworks */ = {isa = PBXBuildFile; productRef = D8AA59E72BB7AEF000340803 /* RealityKitContent */; };
		D8AA59EA2BB7AEF000340803 /* VisionProTeinApp.swift in Sources */ = {isa = PBXBuildFile; fileRef = D8AA59E92BB7AEF000340803 /* VisionProTeinApp.swift */; };
		D8AA59EC2BB7AEF000340803 /* ContentView.swift in Sources */ = {isa = PBXBuildFile; fileRef = D8AA59EB2BB7AEF000340803 /* ContentView.swift */; };
		D8AA59EE2BB7AEF000340803 /* ImmersiveView.swift in Sources */ = {isa = PBXBuildFile; fileRef = D8AA59ED2BB7AEF000340803 /* ImmersiveView.swift */; };
		D8AA59F02BB7AEF100340803 /* Assets.xcassets in Resources */ = {isa = PBXBuildFile; fileRef = D8AA59EF2BB7AEF100340803 /* Assets.xcassets */; };
		D8AA59F32BB7AEF100340803 /* Preview Assets.xcassets in Resources */ = {isa = PBXBuildFile; fileRef = D8AA59F22BB7AEF100340803 /* Preview Assets.xcassets */; };
		D8AA59FC2BB7B0C500340803 /* ARModel.swift in Sources */ = {isa = PBXBuildFile; fileRef = D8AA59FB2BB7B0C500340803 /* ARModel.swift */; };
		D8AA59FF2BB7B84600340803 /* PDB.swift in Sources */ = {isa = PBXBuildFile; fileRef = D8AA59FE2BB7B84600340803 /* PDB.swift */; };
		D8AA5A012BB7C63100340803 /* protein.usdz in Resources */ = {isa = PBXBuildFile; fileRef = D8AA5A002BB7C63100340803 /* protein.usdz */; };
		D8AA5A062BB7F49000340803 /* Molecule.swift in Sources */ = {isa = PBXBuildFile; fileRef = D8AA5A052BB7F49000340803 /* Molecule.swift */; };
		D8AA5A082BB7F8B300340803 /* Biotin.pdb in Resources */ = {isa = PBXBuildFile; fileRef = D8AA5A072BB7F8B300340803 /* Biotin.pdb */; };
		D8AA5A1A2BB90D9F00340803 /* EntityExtensions.swift in Sources */ = {isa = PBXBuildFile; fileRef = D8AA5A142BB90D9F00340803 /* EntityExtensions.swift */; };
		D8AA5A1B2BB90D9F00340803 /* GestureExtensions.swift in Sources */ = {isa = PBXBuildFile; fileRef = D8AA5A152BB90D9F00340803 /* GestureExtensions.swift */; };
		D8AA5A1C2BB90D9F00340803 /* RealityViewExtensions.swift in Sources */ = {isa = PBXBuildFile; fileRef = D8AA5A162BB90D9F00340803 /* RealityViewExtensions.swift */; };
		D8AA5A1D2BB90D9F00340803 /* GestureComponent.swift in Sources */ = {isa = PBXBuildFile; fileRef = D8AA5A182BB90D9F00340803 /* GestureComponent.swift */; };
		D8AA5A212BB94D3D00340803 /* 1nc9.pdb in Resources */ = {isa = PBXBuildFile; fileRef = D8AA5A202BB94D3D00340803 /* 1nc9.pdb */; };
		D8AA5A232BB9597400340803 /* 3nir.pdb in Resources */ = {isa = PBXBuildFile; fileRef = D8AA5A222BB9597400340803 /* 3nir.pdb */; };
		D8AA5A252BB9EE2100340803 /* ProteinListView.swift in Sources */ = {isa = PBXBuildFile; fileRef = D8AA5A242BB9EE2100340803 /* ProteinListView.swift */; };
		D8D19CDD2F30734700B6DBC6 /* ProteinRibbon in Frameworks */ = {isa = PBXBuildFile; productRef = D8D19CDC2F30734700B6DBC6 /* ProteinRibbon */; };
		D8D19CE22F31D59B00B6DBC6 /* 1ERT.pdb in Resources */ = {isa = PBXBuildFile; fileRef = D8D19CE12F31D59B00B6DBC6 /* 1ERT.pdb */; };
		D8F59B0E2F33FE72009EE16D /* Molecule+BallAndStick.swift in Sources */ = {isa = PBXBuildFile; fileRef = D8F59B0D2F33FE72009EE16D /* Molecule+BallAndStick.swift */; };
/* End PBXBuildFile section */

/* Begin PBXFileReference section */
		D80E63C42F3680A0007DB605 /* Package.swift */ = {isa = PBXFileReference; lastKnownFileType = sourcecode.swift; path = Package.swift; sourceTree = "<group>"; };
		D80E63C52F3680C1007DB605 /* ProteinSpheres.swift */ = {isa = PBXFileReference; lastKnownFileType = sourcecode.swift; path = ProteinSpheres.swift; sourceTree = "<group>"; };
		D80E63C62F3693E2007DB605 /* PDBAdapter.swift */ = {isa = PBXFileReference; lastKnownFileType = sourcecode.swift; path = PDBAdapter.swift; sourceTree = "<group>"; };
		D80E63C92F369539007DB605 /* README.md */ = {isa = PBXFileReference; lastKnownFileType = net.daringfireball.markdown; path = README.md; sourceTree = "<group>"; };
		D80E63D02F37F37B007DB605 /* Package.swift */ = {isa = PBXFileReference; lastKnownFileType = sourcecode.swift; path = Package.swift; sourceTree = "<group>"; };
		D80E63D12F37F3CB007DB605 /* ProteinSpheresMesh.swift */ = {isa = PBXFileReference; lastKnownFileType = sourcecode.swift; path = ProteinSpheresMesh.swift; sourceTree = "<group>"; };
		D80E63D22F37F3E1007DB605 /* README.md */ = {isa = PBXFileReference; lastKnownFileType = net.daringfireball.markdown; path = README.md; sourceTree = "<group>"; };
		D8241D122F2824D6007B32BB /* AminoAcid.swift */ = {isa = PBXFileReference; lastKnownFileType = sourcecode.swift; path = AminoAcid.swift; sourceTree = "<group>"; };
		D8474FAD2F2ACBEF0076B827 /* Molecule+ResidueEntity.swift */ = {isa = PBXFileReference; lastKnownFileType = sourcecode.swift; path = "Molecule+ResidueEntity.swift"; sourceTree = "<group>"; };
		D8474FAF2F2AEBEB0076B827 /* Molecule+Richardson.swift */ = {isa = PBXFileReference; lastKnownFileType = sourcecode.swift; path = "Molecule+Richardson.swift"; sourceTree = "<group>"; };
		D8474FB12F2C26530076B827 /* 4HR9.pdb */ = {isa = PBXFileReference; lastKnownFileType = text; path = 4HR9.pdb; sourceTree = "<group>"; };
		D8AA59E22BB7AEF000340803 /* VisionProTein.app */ = {isa = PBXFileReference; explicitFileType = wrapper.application; includeInIndex = 0; path = VisionProTein.app; sourceTree = BUILT_PRODUCTS_DIR; };
		D8AA59E62BB7AEF000340803 /* RealityKitContent */ = {isa = PBXFileReference; lastKnownFileType = wrapper; path = RealityKitContent; sourceTree = "<group>"; };
		D8AA59E92BB7AEF000340803 /* VisionProTeinApp.swift */ = {isa = PBXFileReference; lastKnownFileType = sourcecode.swift; path = VisionProTeinApp.swift; sourceTree = "<group>"; };
		D8AA59EB2BB7AEF000340803 /* ContentView.swift */ = {isa = PBXFileReference; lastKnownFileType = sourcecode.swift; path = ContentView.swift; sourceTree = "<group>"; };
		D8AA59ED2BB7AEF000340803 /* ImmersiveView.swift */ = {isa = PBXFileReference; lastKnownFileType = sourcecode.swift; path = ImmersiveView.swift; sourceTree = "<group>"; };
		D8AA59EF2BB7AEF100340803 /* Assets.xcassets */ = {isa = PBXFileReference; lastKnownFileType = folder.assetcatalog; path = Assets.xcassets; sourceTree = "<group>"; };
		D8AA59F22BB7AEF100340803 /* Preview Assets.xcassets */ = {isa = PBXFileReference; lastKnownFileType = folder.assetcatalog; path = "Preview Assets.xcassets"; sourceTree = "<group>"; };
		D8AA59F42BB7AEF100340803 /* Info.plist */ = {isa = PBXFileReference; lastKnownFileType = text.plist.xml; path = Info.plist; sourceTree = "<group>"; };
		D8AA59FB2BB7B0C500340803 /* ARModel.swift */ = {isa = PBXFileReference; lastKnownFileType = sourcecode.swift; path = ARModel.swift; sourceTree = "<group>"; };
		D8AA59FE2BB7B84600340803 /* PDB.swift */ = {isa = PBXFileReference; lastKnownFileType = sourcecode.swift; path = PDB.swift; sourceTree = "<group>"; };
		D8AA5A002BB7C63100340803 /* protein.usdz */ = {isa = PBXFileReference; lastKnownFileType = file.usdz; path = protein.usdz; sourceTree = "<group>"; };
		D8AA5A052BB7F49000340803 /* Molecule.swift */ = {isa = PBXFileReference; lastKnownFileType = sourcecode.swift; path = Molecule.swift; sourceTree = "<group>"; };
		D8AA5A072BB7F8B300340803 /* Biotin.pdb */ = {isa = PBXFileReference; fileEncoding = 4; lastKnownFileType = text; path = Biotin.pdb; sourceTree = "<group>"; };
		D8AA5A142BB90D9F00340803 /* EntityExtensions.swift */ = {isa = PBXFileReference; fileEncoding = 4; lastKnownFileType = sourcecode.swift; path = EntityExtensions.swift; sourceTree = "<group>"; };
		D8AA5A152BB90D9F00340803 /* GestureExtensions.swift */ = {isa = PBXFileReference; fileEncoding = 4; lastKnownFileType = sourcecode.swift; path = GestureExtensions.swift; sourceTree = "<group>"; };
		D8AA5A162BB90D9F00340803 /* RealityViewExtensions.swift */ = {isa = PBXFileReference; fileEncoding = 4; lastKnownFileType = sourcecode.swift; path = RealityViewExtensions.swift; sourceTree = "<group>"; };
		D8AA5A182BB90D9F00340803 /* GestureComponent.swift */ = {isa = PBXFileReference; fileEncoding = 4; lastKnownFileType = sourcecode.swift; path = GestureComponent.swift; sourceTree = "<group>"; };
		D8AA5A202BB94D3D00340803 /* 1nc9.pdb */ = {isa = PBXFileReference; fileEncoding = 4; lastKnownFileType = text; path = 1nc9.pdb; sourceTree = "<group>"; };
		D8AA5A222BB9597400340803 /* 3nir.pdb */ = {isa = PBXFileReference; fileEncoding = 4; lastKnownFileType = text; path = 3nir.pdb; sourceTree = "<group>"; };
		D8AA5A242BB9EE2100340803 /* ProteinListView.swift */ = {isa = PBXFileReference; fileEncoding = 4; lastKnownFileType = sourcecode.swift; path = ProteinListView.swift; sourceTree = "<group>"; };
		D8D19CE12F31D59B00B6DBC6 /* 1ERT.pdb */ = {isa = PBXFileReference; lastKnownFileType = text; path = 1ERT.pdb; sourceTree = "<group>"; };
		D8F59B0D2F33FE72009EE16D /* Molecule+BallAndStick.swift */ = {isa = PBXFileReference; lastKnownFileType = sourcecode.swift; path = "Molecule+BallAndStick.swift"; sourceTree = "<group>"; };
/* End PBXFileReference section */

/* Begin PBXFrameworksBuildPhase section */
		D8AA59DF2BB7AEF000340803 /* Frameworks */ = {
			isa = PBXFrameworksBuildPhase;
			buildActionMask = 2147483647;
			files = (
				D8474FBC2F2E906C0076B827 /* MolecularRender in Frameworks */,
				D80E63D72F37F952007DB605 /* ProteinSpheresMesh in Frameworks */,
				D80E63CC2F3695F2007DB605 /* ProteinSpheres in Frameworks */,
				D8D19CDD2F30734700B6DBC6 /* ProteinRibbon in Frameworks */,
				D8AA59E82BB7AEF000340803 /* RealityKitContent in Frameworks */,
			);
			runOnlyForDeploymentPostprocessing = 0;
		};
/* End PBXFrameworksBuildPhase section */

/* Begin PBXGroup section */
		D80E63C12F368094007DB605 /* ProteinSpheres */ = {
			isa = PBXGroup;
			children = (
				D80E63C22F368094007DB605 /* Sources */,
				D80E63C42F3680A0007DB605 /* Package.swift */,
				D80E63C92F369539007DB605 /* README.md */,
			);
			path = ProteinSpheres;
			sourceTree = "<group>";
		};
		D80E63C22F368094007DB605 /* Sources */ = {
			isa = PBXGroup;
			children = (
				D80E63C32F368096007DB605 /* ProteinSpheres */,
			);
			path = Sources;
			sourceTree = "<group>";
		};
		D80E63C32F368096007DB605 /* ProteinSpheres */ = {
			isa = PBXGroup;
			children = (
				D80E63C52F3680C1007DB605 /* ProteinSpheres.swift */,
				D80E63C62F3693E2007DB605 /* PDBAdapter.swift */,
			);
			path = ProteinSpheres;
			sourceTree = "<group>";
		};
		D80E63CD2F37F372007DB605 /* ProteinSpheresMesh */ = {
			isa = PBXGroup;
			children = (
				D80E63CE2F37F374007DB605 /* Sources */,
				D80E63D02F37F37B007DB605 /* Package.swift */,
				D80E63D22F37F3E1007DB605 /* README.md */,
			);
			path = ProteinSpheresMesh;
			sourceTree = "<group>";
		};
		D80E63CE2F37F374007DB605 /* Sources */ = {
			isa = PBXGroup;
			children = (
				D80E63CF2F37F376007DB605 /* ProteinSpheresMesh */,
			);
			path = Sources;
			sourceTree = "<group>";
		};
		D80E63CF2F37F376007DB605 /* ProteinSpheresMesh */ = {
			isa = PBXGroup;
			children = (
				D80E63D12F37F3CB007DB605 /* ProteinSpheresMesh.swift */,
			);
			path = ProteinSpheresMesh;
			sourceTree = "<group>";
		};
		D8AA59D92BB7AEF000340803 = {
			isa = PBXGroup;
			children = (
				D8AA59E42BB7AEF000340803 /* VisionProTein */,
				D8AA59E52BB7AEF000340803 /* Packages */,
				D8AA59E32BB7AEF000340803 /* Products */,
			);
			sourceTree = "<group>";
		};
		D8AA59E32BB7AEF000340803 /* Products */ = {
			isa = PBXGroup;
			children = (
				D8AA59E22BB7AEF000340803 /* VisionProTein.app */,
			);
			name = Products;
			sourceTree = "<group>";
		};
		D8AA59E42BB7AEF000340803 /* VisionProTein */ = {
			isa = PBXGroup;
			children = (
				D8AA59E92BB7AEF000340803 /* VisionProTeinApp.swift */,
				D8AA59EB2BB7AEF000340803 /* ContentView.swift */,
				D8AA5A242BB9EE2100340803 /* ProteinListView.swift */,
				D8AA59ED2BB7AEF000340803 /* ImmersiveView.swift */,
				D8AA59FA2BB7AFB300340803 /* Models */,
				D8AA59FD2BB7B6A900340803 /* PDB */,
				D8AA5A092BB90CB700340803 /* Gestures */,
				D8AA59EF2BB7AEF100340803 /* Assets.xcassets */,
				D8AA59F42BB7AEF100340803 /* Info.plist */,
				D8AA59F12BB7AEF100340803 /* Preview Content */,
			);
			path = VisionProTein;
			sourceTree = "<group>";
		};
		D8AA59E52BB7AEF000340803 /* Packages */ = {
			isa = PBXGroup;
			children = (
				D8AA59E62BB7AEF000340803 /* RealityKitContent */,
				D80E63C12F368094007DB605 /* ProteinSpheres */,
				D80E63CD2F37F372007DB605 /* ProteinSpheresMesh */,
			);
			path = Packages;
			sourceTree = "<group>";
		};
		D8AA59F12BB7AEF100340803 /* Preview Content */ = {
			isa = PBXGroup;
			children = (
				D8AA59F22BB7AEF100340803 /* Preview Assets.xcassets */,
			);
			path = "Preview Content";
			sourceTree = "<group>";
		};
		D8AA59FA2BB7AFB300340803 /* Models */ = {
			isa = PBXGroup;
			children = (
				D8474FAF2F2AEBEB0076B827 /* Molecule+Richardson.swift */,
				D8474FAD2F2ACBEF0076B827 /* Molecule+ResidueEntity.swift */,
				D8AA59FB2BB7B0C500340803 /* ARModel.swift */,
				D8AA5A052BB7F49000340803 /* Molecule.swift */,
				D8241D122F2824D6007B32BB /* AminoAcid.swift */,
				D8F59B0D2F33FE72009EE16D /* Molecule+BallAndStick.swift */,
			);
			path = Models;
			sourceTree = "<group>";
		};
		D8AA59FD2BB7B6A900340803 /* PDB */ = {
			isa = PBXGroup;
			children = (
				D8AA59FE2BB7B84600340803 /* PDB.swift */,
				D8AA5A002BB7C63100340803 /* protein.usdz */,
				D8D19CE12F31D59B00B6DBC6 /* 1ERT.pdb */,
				D8474FB12F2C26530076B827 /* 4HR9.pdb */,
				D8AA5A222BB9597400340803 /* 3nir.pdb */,
				D8AA5A202BB94D3D00340803 /* 1nc9.pdb */,
				D8AA5A072BB7F8B300340803 /* Biotin.pdb */,
			);
			path = PDB;
			sourceTree = "<group>";
		};
		D8AA5A092BB90CB700340803 /* Gestures */ = {
			isa = PBXGroup;
			children = (
				D8AA5A192BB90D9F00340803 /* Components */,
				D8AA5A172BB90D9F00340803 /* Extensions */,
			);
			path = Gestures;
			sourceTree = "<group>";
		};
		D8AA5A172BB90D9F00340803 /* Extensions */ = {
			isa = PBXGroup;
			children = (
				D8AA5A142BB90D9F00340803 /* EntityExtensions.swift */,
				D8AA5A152BB90D9F00340803 /* GestureExtensions.swift */,
				D8AA5A162BB90D9F00340803 /* RealityViewExtensions.swift */,
			);
			path = Extensions;
			sourceTree = "<group>";
		};
		D8AA5A192BB90D9F00340803 /* Components */ = {
			isa = PBXGroup;
			children = (
				D8AA5A182BB90D9F00340803 /* GestureComponent.swift */,
			);
			path = Components;
			sourceTree = "<group>";
		};
/* End PBXGroup section */

/* Begin PBXNativeTarget section */
		D8AA59E12BB7AEF000340803 /* VisionProTein */ = {
			isa = PBXNativeTarget;
			buildConfigurationList = D8AA59F72BB7AEF100340803 /* Build configuration list for PBXNativeTarget "VisionProTein" */;
			buildPhases = (
				D8AA59DE2BB7AEF000340803 /* Sources */,
				D8AA59DF2BB7AEF000340803 /* Frameworks */,
				D8AA59E02BB7AEF000340803 /* Resources */,
			);
			buildRules = (
			);
			dependencies = (
			);
			name = VisionProTein;
			packageProductDependencies = (
				D8AA59E72BB7AEF000340803 /* RealityKitContent */,
				D8474FBB2F2E906C0076B827 /* MolecularRender */,
				D8D19CDC2F30734700B6DBC6 /* ProteinRibbon */,
				D80E63CB2F3695F2007DB605 /* ProteinSpheres */,
				D80E63D62F37F952007DB605 /* ProteinSpheresMesh */,
			);
			productName = VisionProTein;
			productReference = D8AA59E22BB7AEF000340803 /* VisionProTein.app */;
			productType = "com.apple.product-type.application";
		};
/* End PBXNativeTarget section */

/* Begin PBXProject section */
		D8AA59DA2BB7AEF000340803 /* Project object */ = {
			isa = PBXProject;
			attributes = {
				BuildIndependentTargetsInParallel = 1;
				LastSwiftUpdateCheck = 1530;
				LastUpgradeCheck = 1530;
				TargetAttributes = {
					D8AA59E12BB7AEF000340803 = {
						CreatedOnToolsVersion = 15.3;
					};
				};
			};
			buildConfigurationList = D8AA59DD2BB7AEF000340803 /* Build configuration list for PBXProject "VisionProTein" */;
			compatibilityVersion = "Xcode 14.0";
			developmentRegion = en;
			hasScannedForEncodings = 0;
			knownRegions = (
				en,
				Base,
			);
			mainGroup = D8AA59D92BB7AEF000340803;
			packageReferences = (
				D8474FBA2F2E906C0076B827 /* XCLocalSwiftPackageReference "Packages/MolecularRender" */,
				D8D19CDB2F30734700B6DBC6 /* XCLocalSwiftPackageReference "Packages/ProteinRibbon" */,
				D80E63CA2F3695F2007DB605 /* XCLocalSwiftPackageReference "Packages/ProteinSpheres" */,
				D80E63D52F37F952007DB605 /* XCLocalSwiftPackageReference "Packages/ProteinSpheresMesh" */,
			);
			productRefGroup = D8AA59E32BB7AEF000340803 /* Products */;
			projectDirPath = "";
			projectRoot = "";
			targets = (
				D8AA59E12BB7AEF000340803 /* VisionProTein */,
			);
		};
/* End PBXProject section */

/* Begin PBXResourcesBuildPhase section */
		D8AA59E02BB7AEF000340803 /* Resources */ = {
			isa = PBXResourcesBuildPhase;
			buildActionMask = 2147483647;
			files = (
				D8D19CE22F31D59B00B6DBC6 /* 1ERT.pdb in Resources */,
				D8AA59F32BB7AEF100340803 /* Preview Assets.xcassets in Resources */,
				D8AA5A212BB94D3D00340803 /* 1nc9.pdb in Resources */,
				D8AA59F02BB7AEF100340803 /* Assets.xcassets in Resources */,
				D8AA5A012BB7C63100340803 /* protein.usdz in Resources */,
				D8474FB22F2C26530076B827 /* 4HR9.pdb in Resources */,
				D8AA5A232BB9597400340803 /* 3nir.pdb in Resources */,
				D8AA5A082BB7F8B300340803 /* Biotin.pdb in Resources */,
			);
			runOnlyForDeploymentPostprocessing = 0;
		};
/* End PBXResourcesBuildPhase section */

/* Begin PBXSourcesBuildPhase section */
		D8AA59DE2BB7AEF000340803 /* Sources */ = {
			isa = PBXSourcesBuildPhase;
			buildActionMask = 2147483647;
			files = (
				D8474FB02F2AEBEB0076B827 /* Molecule+Richardson.swift in Sources */,
				D8AA59FC2BB7B0C500340803 /* ARModel.swift in Sources */,
				D8AA5A1B2BB90D9F00340803 /* GestureExtensions.swift in Sources */,
				D8AA5A062BB7F49000340803 /* Molecule.swift in Sources */,
				D8AA59FF2BB7B84600340803 /* PDB.swift in Sources */,
				D8AA5A252BB9EE2100340803 /* ProteinListView.swift in Sources */,
				D8474FAE2F2ACBEF0076B827 /* Molecule+ResidueEntity.swift in Sources */,
				D8AA59EC2BB7AEF000340803 /* ContentView.swift in Sources */,
				D8AA59EA2BB7AEF000340803 /* VisionProTeinApp.swift in Sources */,
				D8241D132F2824DD007B32BB /* AminoAcid.swift in Sources */,
				D8AA59EE2BB7AEF000340803 /* ImmersiveView.swift in Sources */,
				D8AA5A1C2BB90D9F00340803 /* RealityViewExtensions.swift in Sources */,
				D8AA5A1A2BB90D9F00340803 /* EntityExtensions.swift in Sources */,
				D8F59B0E2F33FE72009EE16D /* Molecule+BallAndStick.swift in Sources */,
				D8AA5A1D2BB90D9F00340803 /* GestureComponent.swift in Sources */,
			);
			runOnlyForDeploymentPostprocessing = 0;
		};
/* End PBXSourcesBuildPhase section */

/* Begin XCBuildConfiguration section */
		D8AA59F52BB7AEF100340803 /* Debug */ = {
			isa = XCBuildConfiguration;
			buildSettings = {
				ALWAYS_SEARCH_USER_PATHS = NO;
				ASSETCATALOG_COMPILER_GENERATE_SWIFT_ASSET_SYMBOL_EXTENSIONS = YES;
				CLANG_ANALYZER_NONNULL = YES;
				CLANG_ANALYZER_NUMBER_OBJECT_CONVERSION = YES_AGGRESSIVE;
				CLANG_CXX_LANGUAGE_STANDARD = "gnu++20";
				CLANG_ENABLE_MODULES = YES;
				CLANG_ENABLE_OBJC_ARC = YES;
				CLANG_ENABLE_OBJC_WEAK = YES;
				CLANG_WARN_BLOCK_CAPTURE_AUTORELEASING = YES;
				CLANG_WARN_BOOL_CONVERSION = YES;
				CLANG_WARN_COMMA = YES;
				CLANG_WARN_CONSTANT_CONVERSION = YES;
				CLANG_WARN_DEPRECATED_OBJC_IMPLEMENTATIONS = YES;
				CLANG_WARN_DIRECT_OBJC_ISA_USAGE = YES_ERROR;
				CLANG_WARN_DOCUMENTATION_COMMENTS = YES;
				CLANG_WARN_EMPTY_BODY = YES;
				CLANG_WARN_ENUM_CONVERSION = YES;
				CLANG_WARN_INFINITE_RECURSION = YES;
				CLANG_WARN_INT_CONVERSION = YES;
				CLANG_WARN_NON_LITERAL_NULL_CONVERSION = YES;
				CLANG_WARN_OBJC_IMPLICIT_RETAIN_SELF = YES;
				CLANG_WARN_OBJC_LITERAL_CONVERSION = YES;
				CLANG_WARN_OBJC_ROOT_CLASS = YES_ERROR;
				CLANG_WARN_QUOTED_INCLUDE_IN_FRAMEWORK_HEADER = YES;
				CLANG_WARN_RANGE_LOOP_ANALYSIS = YES;
				CLANG_WARN_STRICT_PROTOTYPES = YES;
				CLANG_WARN_SUSPICIOUS_MOVE = YES;
				CLANG_WARN_UNGUARDED_AVAILABILITY = YES_AGGRESSIVE;
				CLANG_WARN_UNREACHABLE_CODE = YES;
				CLANG_WARN__DUPLICATE_METHOD_MATCH = YES;
				COPY_PHASE_STRIP = NO;
				DEBUG_INFORMATION_FORMAT = dwarf;
				ENABLE_STRICT_OBJC_MSGSEND = YES;
				ENABLE_TESTABILITY = YES;
				ENABLE_USER_SCRIPT_SANDBOXING = YES;
				GCC_C_LANGUAGE_STANDARD = gnu17;
				GCC_DYNAMIC_NO_PIC = NO;
				GCC_NO_COMMON_BLOCKS = YES;
				GCC_OPTIMIZATION_LEVEL = 0;
				GCC_PREPROCESSOR_DEFINITIONS = (
					"DEBUG=1",
					"$(inherited)",
				);
				GCC_WARN_64_TO_32_BIT_CONVERSION = YES;
				GCC_WARN_ABOUT_RETURN_TYPE = YES_ERROR;
				GCC_WARN_UNDECLARED_SELECTOR = YES;
				GCC_WARN_UNINITIALIZED_AUTOS = YES_AGGRESSIVE;
				GCC_WARN_UNUSED_FUNCTION = YES;
				GCC_WARN_UNUSED_VARIABLE = YES;
				LOCALIZATION_PREFERS_STRING_CATALOGS = YES;
				MTL_ENABLE_DEBUG_INFO = INCLUDE_SOURCE;
				MTL_FAST_MATH = YES;
				ONLY_ACTIVE_ARCH = YES;
				SDKROOT = xros;
				SWIFT_ACTIVE_COMPILATION_CONDITIONS = "DEBUG $(inherited)";
				SWIFT_OPTIMIZATION_LEVEL = "-Onone";
				XROS_DEPLOYMENT_TARGET = 26.0;
			};
			name = Debug;
		};
		D8AA59F62BB7AEF100340803 /* Release */ = {
			isa = XCBuildConfiguration;
			buildSettings = {
				ALWAYS_SEARCH_USER_PATHS = NO;
				ASSETCATALOG_COMPILER_GENERATE_SWIFT_ASSET_SYMBOL_EXTENSIONS = YES;
				CLANG_ANALYZER_NONNULL = YES;
				CLANG_ANALYZER_NUMBER_OBJECT_CONVERSION = YES_AGGRESSIVE;
				CLANG_CXX_LANGUAGE_STANDARD = "gnu++20";
				CLANG_ENABLE_MODULES = YES;
				CLANG_ENABLE_OBJC_ARC = YES;
				CLANG_ENABLE_OBJC_WEAK = YES;
				CLANG_WARN_BLOCK_CAPTURE_AUTORELEASING = YES;
				CLANG_WARN_BOOL_CONVERSION = YES;
				CLANG_WARN_COMMA = YES;
				CLANG_WARN_CONSTANT_CONVERSION = YES;
				CLANG_WARN_DEPRECATED_OBJC_IMPLEMENTATIONS = YES;
				CLANG_WARN_DIRECT_OBJC_ISA_USAGE = YES_ERROR;
				CLANG_WARN_DOCUMENTATION_COMMENTS = YES;
				CLANG_WARN_EMPTY_BODY = YES;
				CLANG_WARN_ENUM_CONVERSION = YES;
				CLANG_WARN_INFINITE_RECURSION = YES;
				CLANG_WARN_INT_CONVERSION = YES;
				CLANG_WARN_NON_LITERAL_NULL_CONVERSION = YES;
				CLANG_WARN_OBJC_IMPLICIT_RETAIN_SELF = YES;
				CLANG_WARN_OBJC_LITERAL_CONVERSION = YES;
				CLANG_WARN_OBJC_ROOT_CLASS = YES_ERROR;
				CLANG_WARN_QUOTED_INCLUDE_IN_FRAMEWORK_HEADER = YES;
				CLANG_WARN_RANGE_LOOP_ANALYSIS = YES;
				CLANG_WARN_STRICT_PROTOTYPES = YES;
				CLANG_WARN_SUSPICIOUS_MOVE = YES;
				CLANG_WARN_UNGUARDED_AVAILABILITY = YES_AGGRESSIVE;
				CLANG_WARN_UNREACHABLE_CODE = YES;
				CLANG_WARN__DUPLICATE_METHOD_MATCH = YES;
				COPY_PHASE_STRIP = NO;
				DEBUG_INFORMATION_FORMAT = "dwarf-with-dsym";
				ENABLE_NS_ASSERTIONS = NO;
				ENABLE_STRICT_OBJC_MSGSEND = YES;
				ENABLE_USER_SCRIPT_SANDBOXING = YES;
				GCC_C_LANGUAGE_STANDARD = gnu17;
				GCC_NO_COMMON_BLOCKS = YES;
				GCC_WARN_64_TO_32_BIT_CONVERSION = YES;
				GCC_WARN_ABOUT_RETURN_TYPE = YES_ERROR;
				GCC_WARN_UNDECLARED_SELECTOR = YES;
				GCC_WARN_UNINITIALIZED_AUTOS = YES_AGGRESSIVE;
				GCC_WARN_UNUSED_FUNCTION = YES;
				GCC_WARN_UNUSED_VARIABLE = YES;
				LOCALIZATION_PREFERS_STRING_CATALOGS = YES;
				MTL_ENABLE_DEBUG_INFO = NO;
				MTL_FAST_MATH = YES;
				SDKROOT = xros;
				SWIFT_COMPILATION_MODE = wholemodule;
				VALIDATE_PRODUCT = YES;
				XROS_DEPLOYMENT_TARGET = 26.0;
			};
			name = Release;
		};
		D8AA59F82BB7AEF100340803 /* Debug */ = {
			isa = XCBuildConfiguration;
			buildSettings = {
				ASSETCATALOG_COMPILER_APPICON_NAME = AppIcon;
				ASSETCATALOG_COMPILER_GLOBAL_ACCENT_COLOR_NAME = AccentColor;
				CODE_SIGN_STYLE = Automatic;
				CURRENT_PROJECT_VERSION = 1;
				DEVELOPMENT_ASSET_PATHS = "\"VisionProTein/Preview Content\"";
				DEVELOPMENT_TEAM = 2BY2NMR4CA;
				ENABLE_PREVIEWS = YES;
				GENERATE_INFOPLIST_FILE = YES;
				INFOPLIST_FILE = "$(TARGET_NAME)/Info.plist";
				INFOPLIST_KEY_NSLocalNetworkUsageDescription = "Connect with local Vision ProTein users";
				LD_RUNPATH_SEARCH_PATHS = (
					"$(inherited)",
					"@executable_path/Frameworks",
				);
				MARKETING_VERSION = 1.0;
				PRODUCT_BUNDLE_IDENTIFIER = com.epage.VisionProTein2;
				PRODUCT_NAME = "$(TARGET_NAME)";
				SUPPORTED_PLATFORMS = "xros xrsimulator";
				SWIFT_EMIT_LOC_STRINGS = YES;
				SWIFT_VERSION = 5.0;
				TARGETED_DEVICE_FAMILY = "1,2,7";
				XROS_DEPLOYMENT_TARGET = 26.0;
			};
			name = Debug;
		};
		D8AA59F92BB7AEF100340803 /* Release */ = {
			isa = XCBuildConfiguration;
			buildSettings = {
				ASSETCATALOG_COMPILER_APPICON_NAME = AppIcon;
				ASSETCATALOG_COMPILER_GLOBAL_ACCENT_COLOR_NAME = AccentColor;
				CODE_SIGN_STYLE = Automatic;
				CURRENT_PROJECT_VERSION = 1;
				DEVELOPMENT_ASSET_PATHS = "\"VisionProTein/Preview Content\"";
				DEVELOPMENT_TEAM = 2BY2NMR4CA;
				ENABLE_PREVIEWS = YES;
				GENERATE_INFOPLIST_FILE = YES;
				INFOPLIST_FILE = "$(TARGET_NAME)/Info.plist";
				INFOPLIST_KEY_NSLocalNetworkUsageDescription = "Connect with local Vision ProTein users";
				LD_RUNPATH_SEARCH_PATHS = (
					"$(inherited)",
					"@executable_path/Frameworks",
				);
				MARKETING_VERSION = 1.0;
				PRODUCT_BUNDLE_IDENTIFIER = com.epage.VisionProTein2;
				PRODUCT_NAME = "$(TARGET_NAME)";
				SUPPORTED_PLATFORMS = "xros xrsimulator";
				SWIFT_EMIT_LOC_STRINGS = YES;
				SWIFT_VERSION = 5.0;
				TARGETED_DEVICE_FAMILY = "1,2,7";
				XROS_DEPLOYMENT_TARGET = 26.0;
			};
			name = Release;
		};
/* End XCBuildConfiguration section */

/* Begin XCConfigurationList section */
		D8AA59DD2BB7AEF000340803 /* Build configuration list for PBXProject "VisionProTein" */ = {
			isa = XCConfigurationList;
			buildConfigurations = (
				D8AA59F52BB7AEF100340803 /* Debug */,
				D8AA59F62BB7AEF100340803 /* Release */,
			);
			defaultConfigurationIsVisible = 0;
			defaultConfigurationName = Release;
		};
		D8AA59F72BB7AEF100340803 /* Build configuration list for PBXNativeTarget "VisionProTein" */ = {
			isa = XCConfigurationList;
			buildConfigurations = (
				D8AA59F82BB7AEF100340803 /* Debug */,
				D8AA59F92BB7AEF100340803 /* Release */,
			);
			defaultConfigurationIsVisible = 0;
			defaultConfigurationName = Release;
		};
/* End XCConfigurationList section */

/* Begin XCLocalSwiftPackageReference section */
		D80E63CA2F3695F2007DB605 /* XCLocalSwiftPackageReference "Packages/ProteinSpheres" */ = {
			isa = XCLocalSwiftPackageReference;
			relativePath = Packages/ProteinSpheres;
		};
		D80E63D52F37F952007DB605 /* XCLocalSwiftPackageReference "Packages/ProteinSpheresMesh" */ = {
			isa = XCLocalSwiftPackageReference;
			relativePath = Packages/ProteinSpheresMesh;
		};
		D8474FBA2F2E906C0076B827 /* XCLocalSwiftPackageReference "Packages/MolecularRender" */ = {
			isa = XCLocalSwiftPackageReference;
			relativePath = Packages/MolecularRender;
		};
		D8D19CDB2F30734700B6DBC6 /* XCLocalSwiftPackageReference "Packages/ProteinRibbon" */ = {
			isa = XCLocalSwiftPackageReference;
			relativePath = Packages/ProteinRibbon;
		};
/* End XCLocalSwiftPackageReference section */

/* Begin XCSwiftPackageProductDependency section */
		D80E63CB2F3695F2007DB605 /* ProteinSpheres */ = {
			isa = XCSwiftPackageProductDependency;
			productName = ProteinSpheres;
		};
		D80E63D62F37F952007DB605 /* ProteinSpheresMesh */ = {
			isa = XCSwiftPackageProductDependency;
			productName = ProteinSpheresMesh;
		};
		D8474FBB2F2E906C0076B827 /* MolecularRender */ = {
			isa = XCSwiftPackageProductDependency;
			productName = MolecularRender;
		};
		D8AA59E72BB7AEF000340803 /* RealityKitContent */ = {
			isa = XCSwiftPackageProductDependency;
			productName = RealityKitContent;
		};
		D8D19CDC2F30734700B6DBC6 /* ProteinRibbon */ = {
			isa = XCSwiftPackageProductDependency;
			productName = ProteinRibbon;
		};
/* End XCSwiftPackageProductDependency section */
	};
	rootObject = D8AA59DA2BB7AEF000340803 /* Project object */;
}
